
Microsoft Visual Studio Solution File, Format Version 12.00
# Visual Studio Version 16
VisualStudioVersion = 16.0.29411.138
MinimumVisualStudioVersion = 10.0.40219.1
Project("{9A19103F-16F7-4668-BE54-9A1E7A4F7556}") = "LWSwnS", "LWSwnS\LWSwnS.csproj", "{7BA0CEE2-5557-4D2C-AB2A-6E295AC0A8C3}"
	ProjectSection(ProjectDependencies) = postProject
		{266B5417-9CB4-42A7-98B7-24B2A93CAD30} = {266B5417-9CB4-42A7-98B7-24B2A93CAD30}
		{42DFAE1C-DA0E-4D8B-967C-27570B501E11} = {42DFAE1C-DA0E-4D8B-967C-27570B501E11}
		{9B3D9860-FF97-42C6-8675-573CF04F813A} = {9B3D9860-FF97-42C6-8675-573CF04F813A}
		{993D4792-8985-4DCA-84C3-CE220F229864} = {993D4792-8985-4DCA-84C3-CE220F229864}
		{359A169D-C894-4670-A3E1-D46C08DD4A72} = {359A169D-C894-4670-A3E1-D46C08DD4A72}
		{F0F0D3A3-4555-4859-996C-8592831C4440} = {F0F0D3A3-4555-4859-996C-8592831C4440}
	EndProjectSection
EndProject
Project("{9A19103F-16F7-4668-BE54-9A1E7A4F7556}") = "LWSwnS.Core", "LWSwnS.Core\LWSwnS.Core.csproj", "{82491B75-65B4-4B17-83C8-33043ED769DA}"
EndProject
Project("{9A19103F-16F7-4668-BE54-9A1E7A4F7556}") = "LWSwnS.Configuration", "LWSwnS.Configuration\LWSwnS.Configuration.csproj", "{4D8FB2AE-D614-45AE-97C6-B9751D44FA26}"
EndProject
Project("{9A19103F-16F7-4668-BE54-9A1E7A4F7556}") = "LWSwnS.Api", "LWSwnS.Api\LWSwnS.Api.csproj", "{BE38A9DD-7A11-40F1-9109-EA857D5BB3F2}"
EndProject
Project("{2150E333-8FDC-42A3-9474-1A3956D46DE8}") = "SampleModules", "SampleModules", "{270630FB-A7E2-455E-952B-38DCEA02AB14}"
EndProject
Project("{9A19103F-16F7-4668-BE54-9A1E7A4F7556}") = "SimpleBlogModule", "SimpleBlogModule\SimpleBlogModule.csproj", "{42DFAE1C-DA0E-4D8B-967C-27570B501E11}"
EndProject
Project("{2150E333-8FDC-42A3-9474-1A3956D46DE8}") = "Client", "Client", "{B6D233A1-4D01-4FDB-9418-568291D262A7}"
EndProject
Project("{9A19103F-16F7-4668-BE54-9A1E7A4F7556}") = "LWSwnS.ShellClient", "LWSwnS.ShellClient\LWSwnS.ShellClient.csproj", "{A3A859F4-ED03-4401-B376-55CC538B9EF2}"
EndProject
Project("{9A19103F-16F7-4668-BE54-9A1E7A4F7556}") = "PowerShellModule", "PowerShellModule\PowerShellModule.csproj", "{993D4792-8985-4DCA-84C3-CE220F229864}"
EndProject
Project("{9A19103F-16F7-4668-BE54-9A1E7A4F7556}") = "MarkdownFileModule", "MarkdownFileModule\MarkdownFileModule.csproj", "{359A169D-C894-4670-A3E1-D46C08DD4A72}"
EndProject
Project("{2150E333-8FDC-42A3-9474-1A3956D46DE8}") = "Solution Items", "Solution Items", "{E6C5802A-AD10-43BE-A676-476B479B28FA}"
	ProjectSection(SolutionItems) = preProject
		..\Readme.md = ..\Readme.md
	EndProjectSection
EndProject
Project("{9A19103F-16F7-4668-BE54-9A1E7A4F7556}") = "BinaryFileTransmission", "BinaryFileTransmission\BinaryFileTransmission.csproj", "{F0F0D3A3-4555-4859-996C-8592831C4440}"
EndProject
Project("{9A19103F-16F7-4668-BE54-9A1E7A4F7556}") = "SimpleGitViewer", "SimpleGitViewer\SimpleGitViewer.csproj", "{266B5417-9CB4-42A7-98B7-24B2A93CAD30}"
EndProject
Project("{9A19103F-16F7-4668-BE54-9A1E7A4F7556}") = "LWSwnS.Diagnostic", "LWSwnS.Diagnostic\LWSwnS.Diagnostic.csproj", "{77E1283C-58F6-47FC-84D4-7C4D02C0243C}"
EndProject
Project("{9A19103F-16F7-4668-BE54-9A1E7A4F7556}") = "FileReceiever", "FileReceiever\FileReceiever.csproj", "{9B3D9860-FF97-42C6-8675-573CF04F813A}"
EndProject
Project("{9A19103F-16F7-4668-BE54-9A1E7A4F7556}") = "LWSwnS.WebPage", "LWSwnS.WebPage\LWSwnS.WebPage.csproj", "{7C69E62A-2D06-413E-8C51-D4044BA638B0}"
EndProject
Project("{9A19103F-16F7-4668-BE54-9A1E7A4F7556}") = "Tests.CEPTest", "Tests.CEPTest\Tests.CEPTest.csproj", "{DEB2F1A7-F4FD-47FB-9206-C32A127B213C}"
EndProject
Project("{FAE04EC0-301F-11D3-BF4B-00C04F79EFBC}") = "CodeEmbededPageModule", "CodeEmbededPageModule\CodeEmbededPageModule.csproj", "{9036C826-C30D-43E3-9834-80CD160895FE}"
EndProject
Global
	GlobalSection(SolutionConfigurationPlatforms) = preSolution
		Debug|Any CPU = Debug|Any CPU
		Release|Any CPU = Release|Any CPU
	EndGlobalSection
	GlobalSection(ProjectConfigurationPlatforms) = postSolution
		{7BA0CEE2-5557-4D2C-AB2A-6E295AC0A8C3}.Debug|Any CPU.ActiveCfg = Debug|Any CPU
		{7BA0CEE2-5557-4D2C-AB2A-6E295AC0A8C3}.Debug|Any CPU.Build.0 = Debug|Any CPU
		{7BA0CEE2-5557-4D2C-AB2A-6E295AC0A8C3}.Release|Any CPU.ActiveCfg = Release|Any CPU
		{7BA0CEE2-5557-4D2C-AB2A-6E295AC0A8C3}.Release|Any CPU.Build.0 = Release|Any CPU
		{82491B75-65B4-4B17-83C8-33043ED769DA}.Debug|Any CPU.ActiveCfg = Debug|Any CPU
		{82491B75-65B4-4B17-83C8-33043ED769DA}.Debug|Any CPU.Build.0 = Debug|Any CPU
		{82491B75-65B4-4B17-83C8-33043ED769DA}.Release|Any CPU.ActiveCfg = Release|Any CPU
		{82491B75-65B4-4B17-83C8-33043ED769DA}.Release|Any CPU.Build.0 = Release|Any CPU
		{4D8FB2AE-D614-45AE-97C6-B9751D44FA26}.Debug|Any CPU.ActiveCfg = Debug|Any CPU
		{4D8FB2AE-D614-45AE-97C6-B9751D44FA26}.Debug|Any CPU.Build.0 = Debug|Any CPU
		{4D8FB2AE-D614-45AE-97C6-B9751D44FA26}.Release|Any CPU.ActiveCfg = Release|Any CPU
		{4D8FB2AE-D614-45AE-97C6-B9751D44FA26}.Release|Any CPU.Build.0 = Release|Any CPU
		{BE38A9DD-7A11-40F1-9109-EA857D5BB3F2}.Debug|Any CPU.ActiveCfg = Debug|Any CPU
		{BE38A9DD-7A11-40F1-9109-EA857D5BB3F2}.Debug|Any CPU.Build.0 = Debug|Any CPU
		{BE38A9DD-7A11-40F1-9109-EA857D5BB3F2}.Release|Any CPU.ActiveCfg = Release|Any CPU
		{BE38A9DD-7A11-40F1-9109-EA857D5BB3F2}.Release|Any CPU.Build.0 = Release|Any CPU
		{42DFAE1C-DA0E-4D8B-967C-27570B501E11}.Debug|Any CPU.ActiveCfg = Debug|Any CPU
		{42DFAE1C-DA0E-4D8B-967C-27570B501E11}.Debug|Any CPU.Build.0 = Debug|Any CPU
		{42DFAE1C-DA0E-4D8B-967C-27570B501E11}.Release|Any CPU.ActiveCfg = Release|Any CPU
		{42DFAE1C-DA0E-4D8B-967C-27570B501E11}.Release|Any CPU.Build.0 = Release|Any CPU
		{A3A859F4-ED03-4401-B376-55CC538B9EF2}.Debug|Any CPU.ActiveCfg = Debug|Any CPU
		{A3A859F4-ED03-4401-B376-55CC538B9EF2}.Debug|Any CPU.Build.0 = Debug|Any CPU
		{A3A859F4-ED03-4401-B376-55CC538B9EF2}.Release|Any CPU.ActiveCfg = Release|Any CPU
		{A3A859F4-ED03-4401-B376-55CC538B9EF2}.Release|Any CPU.Build.0 = Release|Any CPU
		{993D4792-8985-4DCA-84C3-CE220F229864}.Debug|Any CPU.ActiveCfg = Debug|Any CPU
		{993D4792-8985-4DCA-84C3-CE220F229864}.Debug|Any CPU.Build.0 = Debug|Any CPU
		{993D4792-8985-4DCA-84C3-CE220F229864}.Release|Any CPU.ActiveCfg = Release|Any CPU
		{993D4792-8985-4DCA-84C3-CE220F229864}.Release|Any CPU.Build.0 = Release|Any CPU
		{359A169D-C894-4670-A3E1-D46C08DD4A72}.Debug|Any CPU.ActiveCfg = Debug|Any CPU
		{359A169D-C894-4670-A3E1-D46C08DD4A72}.Debug|Any CPU.Build.0 = Debug|Any CPU
		{359A169D-C894-4670-A3E1-D46C08DD4A72}.Release|Any CPU.ActiveCfg = Release|Any CPU
		{359A169D-C894-4670-A3E1-D46C08DD4A72}.Release|Any CPU.Build.0 = Release|Any CPU
		{F0F0D3A3-4555-4859-996C-8592831C4440}.Debug|Any CPU.ActiveCfg = Debug|Any CPU
		{F0F0D3A3-4555-4859-996C-8592831C4440}.Debug|Any CPU.Build.0 = Debug|Any CPU
		{F0F0D3A3-4555-4859-996C-8592831C4440}.Release|Any CPU.ActiveCfg = Release|Any CPU
		{F0F0D3A3-4555-4859-996C-8592831C4440}.Release|Any CPU.Build.0 = Release|Any CPU
		{266B5417-9CB4-42A7-98B7-24B2A93CAD30}.Debug|Any CPU.ActiveCfg = Debug|Any CPU
		{266B5417-9CB4-42A7-98B7-24B2A93CAD30}.Debug|Any CPU.Build.0 = Debug|Any CPU
		{266B5417-9CB4-42A7-98B7-24B2A93CAD30}.Release|Any CPU.ActiveCfg = Release|Any CPU
		{266B5417-9CB4-42A7-98B7-24B2A93CAD30}.Release|Any CPU.Build.0 = Release|Any CPU
		{77E1283C-58F6-47FC-84D4-7C4D02C0243C}.Debug|Any CPU.ActiveCfg = Debug|Any CPU
		{77E1283C-58F6-47FC-84D4-7C4D02C0243C}.Debug|Any CPU.Build.0 = Debug|Any CPU
		{77E1283C-58F6-47FC-84D4-7C4D02C0243C}.Release|Any CPU.ActiveCfg = Release|Any CPU
		{77E1283C-58F6-47FC-84D4-7C4D02C0243C}.Release|Any CPU.Build.0 = Release|Any CPU
		{9B3D9860-FF97-42C6-8675-573CF04F813A}.Debug|Any CPU.ActiveCfg = Debug|Any CPU
		{9B3D9860-FF97-42C6-8675-573CF04F813A}.Debug|Any CPU.Build.0 = Debug|Any CPU
		{9B3D9860-FF97-42C6-8675-573CF04F813A}.Release|Any CPU.ActiveCfg = Release|Any CPU
		{9B3D9860-FF97-42C6-8675-573CF04F813A}.Release|Any CPU.Build.0 = Release|Any CPU
		{7C69E62A-2D06-413E-8C51-D4044BA638B0}.Debug|Any CPU.ActiveCfg = Debug|Any CPU
		{7C69E62A-2D06-413E-8C51-D4044BA638B0}.Debug|Any CPU.Build.0 = Debug|Any CPU
		{7C69E62A-2D06-413E-8C51-D4044BA638B0}.Release|Any CPU.ActiveCfg = Release|Any CPU
		{7C69E62A-2D06-413E-8C51-D4044BA638B0}.Release|Any CPU.Build.0 = Release|Any CPU
		{DEB2F1A7-F4FD-47FB-9206-C32A127B213C}.Debug|Any CPU.ActiveCfg = Debug|Any CPU
		{DEB2F1A7-F4FD-47FB-9206-C32A127B213C}.Debug|Any CPU.Build.0 = Debug|Any CPU
		{DEB2F1A7-F4FD-47FB-9206-C32A127B213C}.Release|Any CPU.ActiveCfg = Release|Any CPU
		{DEB2F1A7-F4FD-47FB-9206-C32A127B213C}.Release|Any CPU.Build.0 = Release|Any CPU
		{9036C826-C30D-43E3-9834-80CD160895FE}.Debug|Any CPU.ActiveCfg = Debug|Any CPU
		{9036C826-C30D-43E3-9834-80CD160895FE}.Debug|Any CPU.Build.0 = Debug|Any CPU
		{9036C826-C30D-43E3-9834-80CD160895FE}.Release|Any CPU.ActiveCfg = Release|Any CPU
		{9036C826-C30D-43E3-9834-80CD160895FE}.Release|Any CPU.Build.0 = Release|Any CPU
	EndGlobalSection
	GlobalSection(SolutionProperties) = preSolution
		HideSolutionNode = FALSE
	EndGlobalSection
	GlobalSection(NestedProjects) = preSolution
		{42DFAE1C-DA0E-4D8B-967C-27570B501E11} = {270630FB-A7E2-455E-952B-38DCEA02AB14}
		{A3A859F4-ED03-4401-B376-55CC538B9EF2} = {B6D233A1-4D01-4FDB-9418-568291D262A7}
		{993D4792-8985-4DCA-84C3-CE220F229864} = {270630FB-A7E2-455E-952B-38DCEA02AB14}
		{359A169D-C894-4670-A3E1-D46C08DD4A72} = {270630FB-A7E2-455E-952B-38DCEA02AB14}
		{F0F0D3A3-4555-4859-996C-8592831C4440} = {270630FB-A7E2-455E-952B-38DCEA02AB14}
		{266B5417-9CB4-42A7-98B7-24B2A93CAD30} = {270630FB-A7E2-455E-952B-38DCEA02AB14}
		{9B3D9860-FF97-42C6-8675-573CF04F813A} = {270630FB-A7E2-455E-952B-38DCEA02AB14}
		{DEB2F1A7-F4FD-47FB-9206-C32A127B213C} = {B6D233A1-4D01-4FDB-9418-568291D262A7}
		{9036C826-C30D-43E3-9834-80CD160895FE} = {270630FB-A7E2-455E-952B-38DCEA02AB14}
	EndGlobalSection
	GlobalSection(ExtensibilityGlobals) = postSolution
		SolutionGuid = {C8C4AB2E-6906-4A7D-AF56-C45397F946CC}
	EndGlobalSection
EndGlobal
